# This file was autogenerated by Stack.
# You should not edit this file by hand.
# For more information, please see the documentation at:
#   https://docs.haskellstack.org/en/stable/topics/lock_files

packages:
- completed:
    commit: 6a5c44856b4b181392c751cfc8640d1ad9648f56
    git: https://github.com/brandonchinn178/xreferee.git
    name: xreferee
    pantry-tree:
      sha256: e0a6ffedeb65903f4d2605f3794f1a5c6d039df500a5b9a74786b887e13e77a6
      size: 4933
    version: 1.0.0
  original:
    commit: 6a5c44856b4b181392c751cfc8640d1ad9648f56
    git: https://github.com/brandonchinn178/xreferee.git
- completed:
    hackage: lsp-2.8.0.0@sha256:cee3b1ed7984ab21f77a7ef59d55602ace016cf188bd7c530d54f62b2e9dfb1d,3909
    pantry-tree:
      sha256: a3ccf598d55afadd3e244fa0b25a6e5dd36348243ffc414a8bb96734efc3a06f
      size: 1121
  original:
    hackage: lsp-2.8.0.0
- completed:
    hackage: lsp-types-2.4.0.0@sha256:3cd0c0885e786c68150190b0dbf691d52bcb61af45f4a0b0e94b5d3465044e5e,34247
    pantry-tree:
      sha256: b9375911991af6faebebf549cfc93e3879e4d67c337a2427b33c013dafa34f4b
      size: 51996
  original:
    hackage: lsp-types-2.4.0.0
snapshots:
- completed:
    sha256: a8cfaae441160430cdde558cb80d4f9d60746e7417b275250e4e0af57ee14f36
    size: 728954
    url: https://raw.githubusercontent.com/commercialhaskell/stackage-snapshots/master/lts/24/33.yaml
  original: lts-24.33
